
Microsoft Visual Studio Solution File, Format Version 12.00
# Visual Studio Version 17
VisualStudioVersion = 17.6.33723.286
MinimumVisualStudioVersion = 10.0.40219.1
Project("{FAE04EC0-301F-11D3-BF4B-00C04F79EFBC}") = "myApp", "myApp\myApp.csproj", "{5C4353B9-7F68-4A18-864E-EDC16741E20C}"
EndProject
Global
	GlobalSection(SolutionConfigurationPlatforms) = preSolution
		Debug|Any CPU = Debug|Any CPU
		Release|Any CPU = Release|Any CPU
	EndGlobalSection
	GlobalSection(ProjectConfigurationPlatforms) = postSolution
		{5C4353B9-7F68-4A18-864E-EDC16741E20C}.Debug|Any CPU.ActiveCfg = Debug|Any CPU
		{5C4353B9-7F68-4A18-864E-EDC16741E20C}.Debug|Any CPU.Build.0 = Debug|Any CPU
		{5C4353B9-7F68-4A18-864E-EDC16741E20C}.Release|Any CPU.ActiveCfg = Release|Any CPU
		{5C4353B9-7F68-4A18-864E-EDC16741E20C}.Release|Any CPU.Build.0 = Release|Any CPU
	EndGlobalSection
	GlobalSection(SolutionProperties) = preSolution
		HideSolutionNode = FALSE
	EndGlobalSection
	GlobalSection(ExtensibilityGlobals) = postSolution
		SolutionGuid = {F91D269C-3A7F-4711-9BCB-779168E025C4}
	EndGlobalSection
EndGlobal
